
Microsoft Visual Studio Solution File, Format Version 12.00
# Visual Studio Version 17
VisualStudioVersion = 17.13.35919.96 d17.13
MinimumVisualStudioVersion = 10.0.40219.1
Project("{FAE04EC0-301F-11D3-BF4B-00C04F79EFBC}") = "LostFoundTrackingSystem", "LostFoundTrackingSystem\LostFoundTrackingSystem.csproj", "{7A90B72A-0420-4A61-B9E2-9D584D58E21B}"
EndProject
Project("{FAE04EC0-301F-11D3-BF4B-00C04F79EFBC}") = "DAL", "DAL\DAL.csproj", "{4437C22D-43DC-4437-9A0C-9A6CBCE4A0F0}"
EndProject
Project("{FAE04EC0-301F-11D3-BF4B-00C04F79EFBC}") = "BLL", "BLL\BLL.csproj", "{994913D8-F6C4-4299-A84A-6126595EEA32}"
EndProject
Global
	GlobalSection(SolutionConfigurationPlatforms) = preSolution
		Debug|Any CPU = Debug|Any CPU
		Release|Any CPU = Release|Any CPU
	EndGlobalSection
	GlobalSection(ProjectConfigurationPlatforms) = postSolution
		{7A90B72A-0420-4A61-B9E2-9D584D58E21B}.Debug|Any CPU.ActiveCfg = Debug|Any CPU
		{7A90B72A-0420-4A61-B9E2-9D584D58E21B}.Debug|Any CPU.Build.0 = Debug|Any CPU
		{7A90B72A-0420-4A61-B9E2-9D584D58E21B}.Release|Any CPU.ActiveCfg = Release|Any CPU
		{7A90B72A-0420-4A61-B9E2-9D584D58E21B}.Release|Any CPU.Build.0 = Release|Any CPU
		{4437C22D-43DC-4437-9A0C-9A6CBCE4A0F0}.Debug|Any CPU.ActiveCfg = Debug|Any CPU
		{4437C22D-43DC-4437-9A0C-9A6CBCE4A0F0}.Debug|Any CPU.Build.0 = Debug|Any CPU
		{4437C22D-43DC-4437-9A0C-9A6CBCE4A0F0}.Release|Any CPU.ActiveCfg = Release|Any CPU
		{4437C22D-43DC-4437-9A0C-9A6CBCE4A0F0}.Release|Any CPU.Build.0 = Release|Any CPU
		{994913D8-F6C4-4299-A84A-6126595EEA32}.Debug|Any CPU.ActiveCfg = Debug|Any CPU
		{994913D8-F6C4-4299-A84A-6126595EEA32}.Debug|Any CPU.Build.0 = Debug|Any CPU
		{994913D8-F6C4-4299-A84A-6126595EEA32}.Release|Any CPU.ActiveCfg = Release|Any CPU
		{994913D8-F6C4-4299-A84A-6126595EEA32}.Release|Any CPU.Build.0 = Release|Any CPU
	EndGlobalSection
	GlobalSection(SolutionProperties) = preSolution
		HideSolutionNode = FALSE
	EndGlobalSection
	GlobalSection(ExtensibilityGlobals) = postSolution
		SolutionGuid = {30FC5997-0A09-42D5-A9AA-D6764897C102}
	EndGlobalSection
EndGlobal
